
Microsoft Visual Studio Solution File, Format Version 12.00
# Visual Studio Version 17
VisualStudioVersion = 17.4.33213.308
MinimumVisualStudioVersion = 10.0.40219.1
Project("{9A19103F-16F7-4668-BE54-9A1E7A4F7556}") = "oscar-test-api", "oscar-test-api\oscar-test-api.csproj", "{BC65141B-D356-4442-BE9C-3B2411929F43}"
EndProject
Global
	GlobalSection(SolutionConfigurationPlatforms) = preSolution
		Debug|Any CPU = Debug|Any CPU
		Release|Any CPU = Release|Any CPU
	EndGlobalSection
	GlobalSection(ProjectConfigurationPlatforms) = postSolution
		{BC65141B-D356-4442-BE9C-3B2411929F43}.Debug|Any CPU.ActiveCfg = Debug|Any CPU
		{BC65141B-D356-4442-BE9C-3B2411929F43}.Debug|Any CPU.Build.0 = Debug|Any CPU
		{BC65141B-D356-4442-BE9C-3B2411929F43}.Release|Any CPU.ActiveCfg = Release|Any CPU
		{BC65141B-D356-4442-BE9C-3B2411929F43}.Release|Any CPU.Build.0 = Release|Any CPU
	EndGlobalSection
	GlobalSection(SolutionProperties) = preSolution
		HideSolutionNode = FALSE
	EndGlobalSection
	GlobalSection(ExtensibilityGlobals) = postSolution
		SolutionGuid = {DC69C5E6-3BF6-432E-9C5E-7FBCDBC53DC8}
	EndGlobalSection
EndGlobal
